
Microsoft Visual Studio Solution File, Format Version 12.00
# Visual Studio Version 16
VisualStudioVersion = 16.0.29411.108
MinimumVisualStudioVersion = 10.0.40219.1
Project("{9A19103F-16F7-4668-BE54-9A1E7A4F7556}") = "DigitalArchiveAPI", "DigitalArchiveAPI\DigitalArchiveAPI.csproj", "{84BA2921-8D5C-4201-ABEE-ACCBD756547B}"
EndProject
Project("{2150E333-8FDC-42A3-9474-1A3956D46DE8}") = "Solution Items", "Solution Items", "{ED1CEC96-807B-4814-90D0-DBA97E7DC44D}"
	ProjectSection(SolutionItems) = preProject
		.gitattributes = .gitattributes
		.gitignore = .gitignore
		README.md = README.md
	EndProjectSection
EndProject
Global
	GlobalSection(SolutionConfigurationPlatforms) = preSolution
		Debug|Any CPU = Debug|Any CPU
		Release|Any CPU = Release|Any CPU
	EndGlobalSection
	GlobalSection(ProjectConfigurationPlatforms) = postSolution
		{84BA2921-8D5C-4201-ABEE-ACCBD756547B}.Debug|Any CPU.ActiveCfg = Debug|Any CPU
		{84BA2921-8D5C-4201-ABEE-ACCBD756547B}.Debug|Any CPU.Build.0 = Debug|Any CPU
		{84BA2921-8D5C-4201-ABEE-ACCBD756547B}.Release|Any CPU.ActiveCfg = Release|Any CPU
		{84BA2921-8D5C-4201-ABEE-ACCBD756547B}.Release|Any CPU.Build.0 = Release|Any CPU
	EndGlobalSection
	GlobalSection(SolutionProperties) = preSolution
		HideSolutionNode = FALSE
	EndGlobalSection
	GlobalSection(ExtensibilityGlobals) = postSolution
		SolutionGuid = {C2C5AA50-F73A-46EB-B7DB-830AC588E33D}
	EndGlobalSection
EndGlobal
